
Microsoft Visual Studio Solution File, Format Version 12.00
# Visual Studio Version 17
VisualStudioVersion = 17.7.34031.279
MinimumVisualStudioVersion = 10.0.40219.1
Project("{8BC9CEB8-8B4A-11D0-8D11-00A0C91BC942}") = "C++4", "C++4\C++4.vcxproj", "{D6BAE12A-2D69-4FE6-9FFC-A3E74681CA71}"
EndProject
Global
	GlobalSection(SolutionConfigurationPlatforms) = preSolution
		Debug|x64 = Debug|x64
		Debug|x86 = Debug|x86
		Release|x64 = Release|x64
		Release|x86 = Release|x86
	EndGlobalSection
	GlobalSection(ProjectConfigurationPlatforms) = postSolution
		{D6BAE12A-2D69-4FE6-9FFC-A3E74681CA71}.Debug|x64.ActiveCfg = Debug|x64
		{D6BAE12A-2D69-4FE6-9FFC-A3E74681CA71}.Debug|x64.Build.0 = Debug|x64
		{D6BAE12A-2D69-4FE6-9FFC-A3E74681CA71}.Debug|x86.ActiveCfg = Debug|Win32
		{D6BAE12A-2D69-4FE6-9FFC-A3E74681CA71}.Debug|x86.Build.0 = Debug|Win32
		{D6BAE12A-2D69-4FE6-9FFC-A3E74681CA71}.Release|x64.ActiveCfg = Release|x64
		{D6BAE12A-2D69-4FE6-9FFC-A3E74681CA71}.Release|x64.Build.0 = Release|x64
		{D6BAE12A-2D69-4FE6-9FFC-A3E74681CA71}.Release|x86.ActiveCfg = Release|Win32
		{D6BAE12A-2D69-4FE6-9FFC-A3E74681CA71}.Release|x86.Build.0 = Release|Win32
	EndGlobalSection
	GlobalSection(SolutionProperties) = preSolution
		HideSolutionNode = FALSE
	EndGlobalSection
	GlobalSection(ExtensibilityGlobals) = postSolution
		SolutionGuid = {0CF5D340-D4BC-4E8F-8D80-AE04684C67D2}
	EndGlobalSection
EndGlobal
